
Microsoft Visual Studio Solution File, Format Version 12.00
# Visual Studio 15
VisualStudioVersion = 15.0.28307.1831
MinimumVisualStudioVersion = 10.0.40219.1
Project("{FAE04EC0-301F-11D3-BF4B-00C04F79EFBC}") = "AOCR", "AOCR\AOCR.csproj", "{9F28D870-2F37-411B-AD37-7CA49AD667D2}"
EndProject
Project("{FAE04EC0-301F-11D3-BF4B-00C04F79EFBC}") = "CapaDatos", "CapaDatos\CapaDatos.csproj", "{40C2E982-5AEA-4BBF-B588-D8A63F183D2B}"
	ProjectSection(ProjectDependencies) = postProject
		{ED23B767-A73C-4D20-BC3D-002233CDD314} = {ED23B767-A73C-4D20-BC3D-002233CDD314}
	EndProjectSection
EndProject
Project("{FAE04EC0-301F-11D3-BF4B-00C04F79EFBC}") = "CapaModelo", "CapaModelo\CapaModelo.csproj", "{ED23B767-A73C-4D20-BC3D-002233CDD314}"
EndProject
Project("{FAE04EC0-301F-11D3-BF4B-00C04F79EFBC}") = "CapaNegocio", "CapaNegocio\CapaNegocio.csproj", "{F1E9B7D3-36E1-4660-A971-7C588B08FD82}"
	ProjectSection(ProjectDependencies) = postProject
		{ED23B767-A73C-4D20-BC3D-002233CDD314} = {ED23B767-A73C-4D20-BC3D-002233CDD314}
		{40C2E982-5AEA-4BBF-B588-D8A63F183D2B} = {40C2E982-5AEA-4BBF-B588-D8A63F183D2B}
	EndProjectSection
EndProject
Project("{FAE04EC0-301F-11D3-BF4B-00C04F79EFBC}") = "CapaPresentacion", "CapaPresentacion\CapaPresentacion.csproj", "{B9A682A2-0A90-46AC-AC8A-939028DEF14B}"
	ProjectSection(ProjectDependencies) = postProject
		{ED23B767-A73C-4D20-BC3D-002233CDD314} = {ED23B767-A73C-4D20-BC3D-002233CDD314}
		{40C2E982-5AEA-4BBF-B588-D8A63F183D2B} = {40C2E982-5AEA-4BBF-B588-D8A63F183D2B}
		{F1E9B7D3-36E1-4660-A971-7C588B08FD82} = {F1E9B7D3-36E1-4660-A971-7C588B08FD82}
	EndProjectSection
EndProject
Project("{FAE04EC0-301F-11D3-BF4B-00C04F79EFBC}") = "CapaUtilidades", "ClassLibrary1\CapaUtilidades.csproj", "{E524B0E7-E9A8-453B-88A7-BC7D06F67B8B}"
EndProject
Global
	GlobalSection(SolutionConfigurationPlatforms) = preSolution
		Debug|Any CPU = Debug|Any CPU
		Release|Any CPU = Release|Any CPU
	EndGlobalSection
	GlobalSection(ProjectConfigurationPlatforms) = postSolution
		{9F28D870-2F37-411B-AD37-7CA49AD667D2}.Debug|Any CPU.ActiveCfg = Debug|Any CPU
		{9F28D870-2F37-411B-AD37-7CA49AD667D2}.Debug|Any CPU.Build.0 = Debug|Any CPU
		{9F28D870-2F37-411B-AD37-7CA49AD667D2}.Release|Any CPU.ActiveCfg = Release|Any CPU
		{9F28D870-2F37-411B-AD37-7CA49AD667D2}.Release|Any CPU.Build.0 = Release|Any CPU
		{40C2E982-5AEA-4BBF-B588-D8A63F183D2B}.Debug|Any CPU.ActiveCfg = Debug|Any CPU
		{40C2E982-5AEA-4BBF-B588-D8A63F183D2B}.Debug|Any CPU.Build.0 = Debug|Any CPU
		{40C2E982-5AEA-4BBF-B588-D8A63F183D2B}.Release|Any CPU.ActiveCfg = Release|Any CPU
		{40C2E982-5AEA-4BBF-B588-D8A63F183D2B}.Release|Any CPU.Build.0 = Release|Any CPU
		{ED23B767-A73C-4D20-BC3D-002233CDD314}.Debug|Any CPU.ActiveCfg = Debug|Any CPU
		{ED23B767-A73C-4D20-BC3D-002233CDD314}.Debug|Any CPU.Build.0 = Debug|Any CPU
		{ED23B767-A73C-4D20-BC3D-002233CDD314}.Release|Any CPU.ActiveCfg = Release|Any CPU
		{ED23B767-A73C-4D20-BC3D-002233CDD314}.Release|Any CPU.Build.0 = Release|Any CPU
		{F1E9B7D3-36E1-4660-A971-7C588B08FD82}.Debug|Any CPU.ActiveCfg = Debug|Any CPU
		{F1E9B7D3-36E1-4660-A971-7C588B08FD82}.Debug|Any CPU.Build.0 = Debug|Any CPU
		{F1E9B7D3-36E1-4660-A971-7C588B08FD82}.Release|Any CPU.ActiveCfg = Release|Any CPU
		{F1E9B7D3-36E1-4660-A971-7C588B08FD82}.Release|Any CPU.Build.0 = Release|Any CPU
		{B9A682A2-0A90-46AC-AC8A-939028DEF14B}.Debug|Any CPU.ActiveCfg = Debug|Any CPU
		{B9A682A2-0A90-46AC-AC8A-939028DEF14B}.Debug|Any CPU.Build.0 = Debug|Any CPU
		{B9A682A2-0A90-46AC-AC8A-939028DEF14B}.Release|Any CPU.ActiveCfg = Release|Any CPU
		{B9A682A2-0A90-46AC-AC8A-939028DEF14B}.Release|Any CPU.Build.0 = Release|Any CPU
		{E524B0E7-E9A8-453B-88A7-BC7D06F67B8B}.Debug|Any CPU.ActiveCfg = Debug|Any CPU
		{E524B0E7-E9A8-453B-88A7-BC7D06F67B8B}.Debug|Any CPU.Build.0 = Debug|Any CPU
		{E524B0E7-E9A8-453B-88A7-BC7D06F67B8B}.Release|Any CPU.ActiveCfg = Release|Any CPU
		{E524B0E7-E9A8-453B-88A7-BC7D06F67B8B}.Release|Any CPU.Build.0 = Release|Any CPU
	EndGlobalSection
	GlobalSection(SolutionProperties) = preSolution
		HideSolutionNode = FALSE
	EndGlobalSection
	GlobalSection(ExtensibilityGlobals) = postSolution
		SolutionGuid = {65A7C85D-5722-4473-91EC-8520882640F8}
	EndGlobalSection
EndGlobal
